
Microsoft Visual Studio Solution File, Format Version 12.00
# Visual Studio Version 16
VisualStudioVersion = 16.0.29728.190
MinimumVisualStudioVersion = 10.0.40219.1
Project("{FAE04EC0-301F-11D3-BF4B-00C04F79EFBC}") = "Midland", "Midland\Midland.csproj", "{503CCEF7-92B0-40B9-AE6D-FB2D591AF4F0}"
EndProject
Global
	GlobalSection(SolutionConfigurationPlatforms) = preSolution
		Debug|Any CPU = Debug|Any CPU
		Release|Any CPU = Release|Any CPU
	EndGlobalSection
	GlobalSection(ProjectConfigurationPlatforms) = postSolution
		{503CCEF7-92B0-40B9-AE6D-FB2D591AF4F0}.Debug|Any CPU.ActiveCfg = Debug|Any CPU
		{503CCEF7-92B0-40B9-AE6D-FB2D591AF4F0}.Debug|Any CPU.Build.0 = Debug|Any CPU
		{503CCEF7-92B0-40B9-AE6D-FB2D591AF4F0}.Release|Any CPU.ActiveCfg = Release|Any CPU
		{503CCEF7-92B0-40B9-AE6D-FB2D591AF4F0}.Release|Any CPU.Build.0 = Release|Any CPU
	EndGlobalSection
	GlobalSection(SolutionProperties) = preSolution
		HideSolutionNode = FALSE
	EndGlobalSection
	GlobalSection(ExtensibilityGlobals) = postSolution
		SolutionGuid = {96195CAE-FBC6-4857-A5A6-68038904D2FF}
	EndGlobalSection
EndGlobal
